// !$*UTF8*$!
{
	archiveVersion = 1;
	classes = {
	};
	objectVersion = 56;
	objects = {

/* Begin PBXBuildFile section */
		BD3965C42A5C362A002768A2 /* AppDelegate.swift in Sources */ = {isa = PBXBuildFile; fileRef = BD3965C32A5C362A002768A2 /* AppDelegate.swift */; };
		BD3965C62A5C362A002768A2 /* SceneDelegate.swift in Sources */ = {isa = PBXBuildFile; fileRef = BD3965C52A5C362A002768A2 /* SceneDelegate.swift */; };
		BD3965CB2A5C362A002768A2 /* Main.storyboard in Resources */ = {isa = PBXBuildFile; fileRef = BD3965C92A5C362A002768A2 /* Main.storyboard */; };
		BD3965CD2A5C362B002768A2 /* Assets.xcassets in Resources */ = {isa = PBXBuildFile; fileRef = BD3965CC2A5C362B002768A2 /* Assets.xcassets */; };
		BD3965D02A5C362B002768A2 /* LaunchScreen.storyboard in Resources */ = {isa = PBXBuildFile; fileRef = BD3965CE2A5C362B002768A2 /* LaunchScreen.storyboard */; };
		BD3965DB2A5C366E002768A2 /* Joke.swift in Sources */ = {isa = PBXBuildFile; fileRef = BD3965DA2A5C366E002768A2 /* Joke.swift */; };
		BD3965DD2A5C36C3002768A2 /* JokePresenter.swift in Sources */ = {isa = PBXBuildFile; fileRef = BD3965DC2A5C36C3002768A2 /* JokePresenter.swift */; };
		BD573A8C2A5C3C7B008A562D /* JokeViewController.swift in Sources */ = {isa = PBXBuildFile; fileRef = BD573A8B2A5C3C7B008A562D /* JokeViewController.swift */; };
/* End PBXBuildFile section */

/* Begin PBXFileReference section */
		BD3965C02A5C362A002768A2 /* Jokes-Fetcher.app */ = {isa = PBXFileReference; explicitFileType = wrapper.application; includeInIndex = 0; path = "Jokes-Fetcher.app"; sourceTree = BUILT_PRODUCTS_DIR; };
		BD3965C32A5C362A002768A2 /* AppDelegate.swift */ = {isa = PBXFileReference; lastKnownFileType = sourcecode.swift; path = AppDelegate.swift; sourceTree = "<group>"; };
		BD3965C52A5C362A002768A2 /* SceneDelegate.swift */ = {isa = PBXFileReference; lastKnownFileType = sourcecode.swift; path = SceneDelegate.swift; sourceTree = "<group>"; };
		BD3965CA2A5C362A002768A2 /* Base */ = {isa = PBXFileReference; lastKnownFileType = file.storyboard; name = Base; path = Base.lproj/Main.storyboard; sourceTree = "<group>"; };
		BD3965CC2A5C362B002768A2 /* Assets.xcassets */ = {isa = PBXFileReference; lastKnownFileType = folder.assetcatalog; path = Assets.xcassets; sourceTree = "<group>"; };
		BD3965CF2A5C362B002768A2 /* Base */ = {isa = PBXFileReference; lastKnownFileType = file.storyboard; name = Base; path = Base.lproj/LaunchScreen.storyboard; sourceTree = "<group>"; };
		BD3965D12A5C362B002768A2 /* Info.plist */ = {isa = PBXFileReference; lastKnownFileType = text.plist.xml; path = Info.plist; sourceTree = "<group>"; };
		BD3965DA2A5C366E002768A2 /* Joke.swift */ = {isa = PBXFileReference; lastKnownFileType = sourcecode.swift; path = Joke.swift; sourceTree = "<group>"; };
		BD3965DC2A5C36C3002768A2 /* JokePresenter.swift */ = {isa = PBXFileReference; lastKnownFileType = sourcecode.swift; path = JokePresenter.swift; sourceTree = "<group>"; };
		BD573A8B2A5C3C7B008A562D /* JokeViewController.swift */ = {isa = PBXFileReference; lastKnownFileType = sourcecode.swift; path = JokeViewController.swift; sourceTree = "<group>"; };
/* End PBXFileReference section */

/* Begin PBXFrameworksBuildPhase section */
		BD3965BD2A5C362A002768A2 /* Frameworks */ = {
			isa = PBXFrameworksBuildPhase;
			buildActionMask = 2147483647;
			files = (
			);
			runOnlyForDeploymentPostprocessing = 0;
		};
/* End PBXFrameworksBuildPhase section */

/* Begin PBXGroup section */
		BB07E312149BEEB78DC518D4 /* Pods */ = {
			isa = PBXGroup;
			children = (
			);
			path = Pods;
			sourceTree = "<group>";
		};
		BD3965B72A5C362A002768A2 = {
			isa = PBXGroup;
			children = (
				BD3965C22A5C362A002768A2 /* Jokes-Fetcher */,
				BD3965C12A5C362A002768A2 /* Products */,
				BB07E312149BEEB78DC518D4 /* Pods */,
			);
			sourceTree = "<group>";
		};
		BD3965C12A5C362A002768A2 /* Products */ = {
			isa = PBXGroup;
			children = (
				BD3965C02A5C362A002768A2 /* Jokes-Fetcher.app */,
			);
			name = Products;
			sourceTree = "<group>";
		};
		BD3965C22A5C362A002768A2 /* Jokes-Fetcher */ = {
			isa = PBXGroup;
			children = (
				BD3965D92A5C3655002768A2 /* Presenter */,
				BD3965D82A5C364F002768A2 /* View */,
				BD3965D72A5C3649002768A2 /* Model */,
				BD3965C32A5C362A002768A2 /* AppDelegate.swift */,
				BD3965C52A5C362A002768A2 /* SceneDelegate.swift */,
				BD3965C92A5C362A002768A2 /* Main.storyboard */,
				BD3965CC2A5C362B002768A2 /* Assets.xcassets */,
				BD3965CE2A5C362B002768A2 /* LaunchScreen.storyboard */,
				BD3965D12A5C362B002768A2 /* Info.plist */,
			);
			path = "Jokes-Fetcher";
			sourceTree = "<group>";
		};
		BD3965D72A5C3649002768A2 /* Model */ = {
			isa = PBXGroup;
			children = (
				BD3965DA2A5C366E002768A2 /* Joke.swift */,
			);
			path = Model;
			sourceTree = "<group>";
		};
		BD3965D82A5C364F002768A2 /* View */ = {
			isa = PBXGroup;
			children = (
				BD573A8B2A5C3C7B008A562D /* JokeViewController.swift */,
			);
			path = View;
			sourceTree = "<group>";
		};
		BD3965D92A5C3655002768A2 /* Presenter */ = {
			isa = PBXGroup;
			children = (
				BD3965DC2A5C36C3002768A2 /* JokePresenter.swift */,
			);
			path = Presenter;
			sourceTree = "<group>";
		};
/* End PBXGroup section */

/* Begin PBXNativeTarget section */
		BD3965BF2A5C362A002768A2 /* Jokes-Fetcher */ = {
			isa = PBXNativeTarget;
			buildConfigurationList = BD3965D42A5C362B002768A2 /* Build configuration list for PBXNativeTarget "Jokes-Fetcher" */;
			buildPhases = (
				BD3965BC2A5C362A002768A2 /* Sources */,
				BD3965BD2A5C362A002768A2 /* Frameworks */,
				BD3965BE2A5C362A002768A2 /* Resources */,
			);
			buildRules = (
			);
			dependencies = (
			);
			name = "Jokes-Fetcher";
			productName = "Jokes-Fetcher";
			productReference = BD3965C02A5C362A002768A2 /* Jokes-Fetcher.app */;
			productType = "com.apple.product-type.application";
		};
/* End PBXNativeTarget section */

/* Begin PBXProject section */
		BD3965B82A5C362A002768A2 /* Project object */ = {
			isa = PBXProject;
			attributes = {
				BuildIndependentTargetsInParallel = 1;
				LastSwiftUpdateCheck = 1420;
				LastUpgradeCheck = 1420;
				TargetAttributes = {
					BD3965BF2A5C362A002768A2 = {
						CreatedOnToolsVersion = 14.2;
					};
				};
			};
			buildConfigurationList = BD3965BB2A5C362A002768A2 /* Build configuration list for PBXProject "Jokes-Fetcher" */;
			compatibilityVersion = "Xcode 14.0";
			developmentRegion = en;
			hasScannedForEncodings = 0;
			knownRegions = (
				en,
				Base,
			);
			mainGroup = BD3965B72A5C362A002768A2;
			productRefGroup = BD3965C12A5C362A002768A2 /* Products */;
			projectDirPath = "";
			projectRoot = "";
			targets = (
				BD3965BF2A5C362A002768A2 /* Jokes-Fetcher */,
			);
		};
/* End PBXProject section */

/* Begin PBXResourcesBuildPhase section */
		BD3965BE2A5C362A002768A2 /* Resources */ = {
			isa = PBXResourcesBuildPhase;
			buildActionMask = 2147483647;
			files = (
				BD3965D02A5C362B002768A2 /* LaunchScreen.storyboard in Resources */,
				BD3965CD2A5C362B002768A2 /* Assets.xcassets in Resources */,
				BD3965CB2A5C362A002768A2 /* Main.storyboard in Resources */,
			);
			runOnlyForDeploymentPostprocessing = 0;
		};
/* End PBXResourcesBuildPhase section */

/* Begin PBXSourcesBuildPhase section */
		BD3965BC2A5C362A002768A2 /* Sources */ = {
			isa = PBXSourcesBuildPhase;
			buildActionMask = 2147483647;
			files = (
				BD3965DD2A5C36C3002768A2 /* JokePresenter.swift in Sources */,
				BD3965C42A5C362A002768A2 /* AppDelegate.swift in Sources */,
				BD3965DB2A5C366E002768A2 /* Joke.swift in Sources */,
				BD3965C62A5C362A002768A2 /* SceneDelegate.swift in Sources */,
				BD573A8C2A5C3C7B008A562D /* JokeViewController.swift in Sources */,
			);
			runOnlyForDeploymentPostprocessing = 0;
		};
/* End PBXSourcesBuildPhase section */

/* Begin PBXVariantGroup section */
		BD3965C92A5C362A002768A2 /* Main.storyboard */ = {
			isa = PBXVariantGroup;
			children = (
				BD3965CA2A5C362A002768A2 /* Base */,
			);
			name = Main.storyboard;
			sourceTree = "<group>";
		};
		BD3965CE2A5C362B002768A2 /* LaunchScreen.storyboard */ = {
			isa = PBXVariantGroup;
			children = (
				BD3965CF2A5C362B002768A2 /* Base */,
			);
			name = LaunchScreen.storyboard;
			sourceTree = "<group>";
		};
/* End PBXVariantGroup section */

/* Begin XCBuildConfiguration section */
		BD3965D22A5C362B002768A2 /* Debug */ = {
			isa = XCBuildConfiguration;
			buildSettings = {
				ALWAYS_SEARCH_USER_PATHS = NO;
				CLANG_ANALYZER_NONNULL = YES;
				CLANG_ANALYZER_NUMBER_OBJECT_CONVERSION = YES_AGGRESSIVE;
				CLANG_CXX_LANGUAGE_STANDARD = "gnu++20";
				CLANG_ENABLE_MODULES = YES;
				CLANG_ENABLE_OBJC_ARC = YES;
				CLANG_ENABLE_OBJC_WEAK = YES;
				CLANG_WARN_BLOCK_CAPTURE_AUTORELEASING = YES;
				CLANG_WARN_BOOL_CONVERSION = YES;
				CLANG_WARN_COMMA = YES;
				CLANG_WARN_CONSTANT_CONVERSION = YES;
				CLANG_WARN_DEPRECATED_OBJC_IMPLEMENTATIONS = YES;
				CLANG_WARN_DIRECT_OBJC_ISA_USAGE = YES_ERROR;
				CLANG_WARN_DOCUMENTATION_COMMENTS = YES;
				CLANG_WARN_EMPTY_BODY = YES;
				CLANG_WARN_ENUM_CONVERSION = YES;
				CLANG_WARN_INFINITE_RECURSION = YES;
				CLANG_WARN_INT_CONVERSION = YES;
				CLANG_WARN_NON_LITERAL_NULL_CONVERSION = YES;
				CLANG_WARN_OBJC_IMPLICIT_RETAIN_SELF = YES;
				CLANG_WARN_OBJC_LITERAL_CONVERSION = YES;
				CLANG_WARN_OBJC_ROOT_CLASS = YES_ERROR;
				CLANG_WARN_QUOTED_INCLUDE_IN_FRAMEWORK_HEADER = YES;
				CLANG_WARN_RANGE_LOOP_ANALYSIS = YES;
				CLANG_WARN_STRICT_PROTOTYPES = YES;
				CLANG_WARN_SUSPICIOUS_MOVE = YES;
				CLANG_WARN_UNGUARDED_AVAILABILITY = YES_AGGRESSIVE;
				CLANG_WARN_UNREACHABLE_CODE = YES;
				CLANG_WARN__DUPLICATE_METHOD_MATCH = YES;
				COPY_PHASE_STRIP = NO;
				DEBUG_INFORMATION_FORMAT = dwarf;
				ENABLE_STRICT_OBJC_MSGSEND = YES;
				ENABLE_TESTABILITY = YES;
				GCC_C_LANGUAGE_STANDARD = gnu11;
				GCC_DYNAMIC_NO_PIC = NO;
				GCC_NO_COMMON_BLOCKS = YES;
				GCC_OPTIMIZATION_LEVEL = 0;
				GCC_PREPROCESSOR_DEFINITIONS = (
					"DEBUG=1",
					"$(inherited)",
				);
				GCC_WARN_64_TO_32_BIT_CONVERSION = YES;
				GCC_WARN_ABOUT_RETURN_TYPE = YES_ERROR;
				GCC_WARN_UNDECLARED_SELECTOR = YES;
				GCC_WARN_UNINITIALIZED_AUTOS = YES_AGGRESSIVE;
				GCC_WARN_UNUSED_FUNCTION = YES;
				GCC_WARN_UNUSED_VARIABLE = YES;
				IPHONEOS_DEPLOYMENT_TARGET = 16.2;
				MTL_ENABLE_DEBUG_INFO = INCLUDE_SOURCE;
				MTL_FAST_MATH = YES;
				ONLY_ACTIVE_ARCH = YES;
				SDKROOT = iphoneos;
				SWIFT_ACTIVE_COMPILATION_CONDITIONS = DEBUG;
				SWIFT_OPTIMIZATION_LEVEL = "-Onone";
			};
			name = Debug;
		};
		BD3965D32A5C362B002768A2 /* Release */ = {
			isa = XCBuildConfiguration;
			buildSettings = {
				ALWAYS_SEARCH_USER_PATHS = NO;
				CLANG_ANALYZER_NONNULL = YES;
				CLANG_ANALYZER_NUMBER_OBJECT_CONVERSION = YES_AGGRESSIVE;
				CLANG_CXX_LANGUAGE_STANDARD = "gnu++20";
				CLANG_ENABLE_MODULES = YES;
				CLANG_ENABLE_OBJC_ARC = YES;
				CLANG_ENABLE_OBJC_WEAK = YES;
				CLANG_WARN_BLOCK_CAPTURE_AUTORELEASING = YES;
				CLANG_WARN_BOOL_CONVERSION = YES;
				CLANG_WARN_COMMA = YES;
				CLANG_WARN_CONSTANT_CONVERSION = YES;
				CLANG_WARN_DEPRECATED_OBJC_IMPLEMENTATIONS = YES;
				CLANG_WARN_DIRECT_OBJC_ISA_USAGE = YES_ERROR;
				CLANG_WARN_DOCUMENTATION_COMMENTS = YES;
				CLANG_WARN_EMPTY_BODY = YES;
				CLANG_WARN_ENUM_CONVERSION = YES;
				CLANG_WARN_INFINITE_RECURSION = YES;
				CLANG_WARN_INT_CONVERSION = YES;
				CLANG_WARN_NON_LITERAL_NULL_CONVERSION = YES;
				CLANG_WARN_OBJC_IMPLICIT_RETAIN_SELF = YES;
				CLANG_WARN_OBJC_LITERAL_CONVERSION = YES;
				CLANG_WARN_OBJC_ROOT_CLASS = YES_ERROR;
				CLANG_WARN_QUOTED_INCLUDE_IN_FRAMEWORK_HEADER = YES;
				CLANG_WARN_RANGE_LOOP_ANALYSIS = YES;
				CLANG_WARN_STRICT_PROTOTYPES = YES;
				CLANG_WARN_SUSPICIOUS_MOVE = YES;
				CLANG_WARN_UNGUARDED_AVAILABILITY = YES_AGGRESSIVE;
				CLANG_WARN_UNREACHABLE_CODE = YES;
				CLANG_WARN__DUPLICATE_METHOD_MATCH = YES;
				COPY_PHASE_STRIP = NO;
				DEBUG_INFORMATION_FORMAT = "dwarf-with-dsym";
				ENABLE_NS_ASSERTIONS = NO;
				ENABLE_STRICT_OBJC_MSGSEND = YES;
				GCC_C_LANGUAGE_STANDARD = gnu11;
				GCC_NO_COMMON_BLOCKS = YES;
				GCC_WARN_64_TO_32_BIT_CONVERSION = YES;
				GCC_WARN_ABOUT_RETURN_TYPE = YES_ERROR;
				GCC_WARN_UNDECLARED_SELECTOR = YES;
				GCC_WARN_UNINITIALIZED_AUTOS = YES_AGGRESSIVE;
				GCC_WARN_UNUSED_FUNCTION = YES;
				GCC_WARN_UNUSED_VARIABLE = YES;
				IPHONEOS_DEPLOYMENT_TARGET = 16.2;
				MTL_ENABLE_DEBUG_INFO = NO;
				MTL_FAST_MATH = YES;
				SDKROOT = iphoneos;
				SWIFT_COMPILATION_MODE = wholemodule;
				SWIFT_OPTIMIZATION_LEVEL = "-O";
				VALIDATE_PRODUCT = YES;
			};
			name = Release;
		};
		BD3965D52A5C362B002768A2 /* Debug */ = {
			isa = XCBuildConfiguration;
			buildSettings = {
				ASSETCATALOG_COMPILER_APPICON_NAME = AppIcon;
				ASSETCATALOG_COMPILER_GLOBAL_ACCENT_COLOR_NAME = AccentColor;
				CODE_SIGN_STYLE = Automatic;
				CURRENT_PROJECT_VERSION = 1;
				GENERATE_INFOPLIST_FILE = YES;
				INFOPLIST_FILE = "Jokes-Fetcher/Info.plist";
				INFOPLIST_KEY_UIApplicationSupportsIndirectInputEvents = YES;
				INFOPLIST_KEY_UILaunchStoryboardName = LaunchScreen;
				INFOPLIST_KEY_UIMainStoryboardFile = Main;
				INFOPLIST_KEY_UISupportedInterfaceOrientations = UIInterfaceOrientationPortrait;
				IPHONEOS_DEPLOYMENT_TARGET = 13.0;
				LD_RUNPATH_SEARCH_PATHS = (
					"$(inherited)",
					"@executable_path/Frameworks",
				);
				MARKETING_VERSION = 1.0;
				PRODUCT_BUNDLE_IDENTIFIER = "com.kingk2.Jokes-Fetcher";
				PRODUCT_NAME = "$(TARGET_NAME)";
				SWIFT_EMIT_LOC_STRINGS = YES;
				SWIFT_VERSION = 5.0;
				TARGETED_DEVICE_FAMILY = "1,2";
			};
			name = Debug;
		};
		BD3965D62A5C362B002768A2 /* Release */ = {
			isa = XCBuildConfiguration;
			buildSettings = {
				ASSETCATALOG_COMPILER_APPICON_NAME = AppIcon;
				ASSETCATALOG_COMPILER_GLOBAL_ACCENT_COLOR_NAME = AccentColor;
				CODE_SIGN_STYLE = Automatic;
				CURRENT_PROJECT_VERSION = 1;
				GENERATE_INFOPLIST_FILE = YES;
				INFOPLIST_FILE = "Jokes-Fetcher/Info.plist";
				INFOPLIST_KEY_UIApplicationSupportsIndirectInputEvents = YES;
				INFOPLIST_KEY_UILaunchStoryboardName = LaunchScreen;
				INFOPLIST_KEY_UIMainStoryboardFile = Main;
				INFOPLIST_KEY_UISupportedInterfaceOrientations = UIInterfaceOrientationPortrait;
				IPHONEOS_DEPLOYMENT_TARGET = 13.0;
				LD_RUNPATH_SEARCH_PATHS = (
					"$(inherited)",
					"@executable_path/Frameworks",
				);
				MARKETING_VERSION = 1.0;
				PRODUCT_BUNDLE_IDENTIFIER = "com.kingk2.Jokes-Fetcher";
				PRODUCT_NAME = "$(TARGET_NAME)";
				SWIFT_EMIT_LOC_STRINGS = YES;
				SWIFT_VERSION = 5.0;
				TARGETED_DEVICE_FAMILY = "1,2";
			};
			name = Release;
		};
/* End XCBuildConfiguration section */

/* Begin XCConfigurationList section */
		BD3965BB2A5C362A002768A2 /* Build configuration list for PBXProject "Jokes-Fetcher" */ = {
			isa = XCConfigurationList;
			buildConfigurations = (
				BD3965D22A5C362B002768A2 /* Debug */,
				BD3965D32A5C362B002768A2 /* Release */,
			);
			defaultConfigurationIsVisible = 0;
			defaultConfigurationName = Release;
		};
		BD3965D42A5C362B002768A2 /* Build configuration list for PBXNativeTarget "Jokes-Fetcher" */ = {
			isa = XCConfigurationList;
			buildConfigurations = (
				BD3965D52A5C362B002768A2 /* Debug */,
				BD3965D62A5C362B002768A2 /* Release */,
			);
			defaultConfigurationIsVisible = 0;
			defaultConfigurationName = Release;
		};
/* End XCConfigurationList section */
	};
	rootObject = BD3965B82A5C362A002768A2 /* Project object */;
}
